# THIS IS AN AUTOGENERATED FILE. DO NOT EDIT THIS FILE DIRECTLY.
# yarn lockfile v1


"software@https://www.kyne.com.au/~mark/software/download/lua-cjson-2.1.0.tar.gz":
  version "0.0.0"
  resolved "https://www.kyne.com.au/~mark/software/download/lua-cjson-2.1.0.tar.gz#48f5546b28059c68545a7fb76146540df8be266c"
